// !$*UTF8*$!
{
	archiveVersion = 1;
	classes = {
	};
	objectVersion = 56;
	objects = {

/* Begin PBXBuildFile section */
		1CF90B95F089B3A3B22322EE /* Pods_LoginIOS.framework in Frameworks */ = {isa = PBXBuildFile; fileRef = 8198A94ED8E4D2C5E041E7B5 /* Pods_LoginIOS.framework */; };
		6C33F3312BD1281600860F03 /* RegisterViewContoller.swift in Sources */ = {isa = PBXBuildFile; fileRef = 6C33F3302BD1281600860F03 /* RegisterViewContoller.swift */; };
		6CACD3352BDA62A400BC65D8 /* LoadImageDelegate.swift in Sources */ = {isa = PBXBuildFile; fileRef = 6CACD3342BDA62A400BC65D8 /* LoadImageDelegate.swift */; };
		6CACE11B2BD79AF100538EAD /* HomeViewController.swift in Sources */ = {isa = PBXBuildFile; fileRef = 6CACE11A2BD79AF100538EAD /* HomeViewController.swift */; };
		6CACE11E2BD7BB7E00538EAD /* DataFireStore.swift in Sources */ = {isa = PBXBuildFile; fileRef = 6CACE11D2BD7BB7E00538EAD /* DataFireStore.swift */; };
		6CB8E35B2BD0FE5200619967 /* AppDelegate.swift in Sources */ = {isa = PBXBuildFile; fileRef = 6CB8E35A2BD0FE5200619967 /* AppDelegate.swift */; };
		6CB8E35D2BD0FE5200619967 /* SceneDelegate.swift in Sources */ = {isa = PBXBuildFile; fileRef = 6CB8E35C2BD0FE5200619967 /* SceneDelegate.swift */; };
		6CB8E35F2BD0FE5200619967 /* LoginViewController.swift in Sources */ = {isa = PBXBuildFile; fileRef = 6CB8E35E2BD0FE5200619967 /* LoginViewController.swift */; };
		6CB8E3622BD0FE5200619967 /* Base in Resources */ = {isa = PBXBuildFile; fileRef = 6CB8E3612BD0FE5200619967 /* Base */; };
		6CB8E3642BD0FE5300619967 /* Assets.xcassets in Resources */ = {isa = PBXBuildFile; fileRef = 6CB8E3632BD0FE5300619967 /* Assets.xcassets */; };
		6CB8E3672BD0FE5300619967 /* Base in Resources */ = {isa = PBXBuildFile; fileRef = 6CB8E3662BD0FE5300619967 /* Base */; };
		6CBBEFA62BD2797700FB96EA /* GoogleService-Info.plist in Resources */ = {isa = PBXBuildFile; fileRef = 6CBBEFA52BD2797600FB96EA /* GoogleService-Info.plist */; };
		6CBDC0A82BE0DD5A007C7E3C /* DelegateTableViewCell.swift in Sources */ = {isa = PBXBuildFile; fileRef = 6CBDC0A72BE0DD5A007C7E3C /* DelegateTableViewCell.swift */; };
		6CC8863C2BDF9E980065A9CF /* ChatViewController.swift in Sources */ = {isa = PBXBuildFile; fileRef = 6CC8863B2BDF9E980065A9CF /* ChatViewController.swift */; };
		6CC8863E2BDFA2BD0065A9CF /* Notas.rtf in Resources */ = {isa = PBXBuildFile; fileRef = 6CC8863D2BDFA2BD0065A9CF /* Notas.rtf */; };
/* End PBXBuildFile section */

/* Begin PBXFileReference section */
		6C33F3302BD1281600860F03 /* RegisterViewContoller.swift */ = {isa = PBXFileReference; lastKnownFileType = sourcecode.swift; path = RegisterViewContoller.swift; sourceTree = "<group>"; };
		6CACD3342BDA62A400BC65D8 /* LoadImageDelegate.swift */ = {isa = PBXFileReference; lastKnownFileType = sourcecode.swift; path = LoadImageDelegate.swift; sourceTree = "<group>"; };
		6CACE11A2BD79AF100538EAD /* HomeViewController.swift */ = {isa = PBXFileReference; lastKnownFileType = sourcecode.swift; path = HomeViewController.swift; sourceTree = "<group>"; };
		6CACE11D2BD7BB7E00538EAD /* DataFireStore.swift */ = {isa = PBXFileReference; lastKnownFileType = sourcecode.swift; path = DataFireStore.swift; sourceTree = "<group>"; };
		6CB8E3572BD0FE5200619967 /* LoginIOS.app */ = {isa = PBXFileReference; explicitFileType = wrapper.application; includeInIndex = 0; path = LoginIOS.app; sourceTree = BUILT_PRODUCTS_DIR; };
		6CB8E35A2BD0FE5200619967 /* AppDelegate.swift */ = {isa = PBXFileReference; lastKnownFileType = sourcecode.swift; path = AppDelegate.swift; sourceTree = "<group>"; };
		6CB8E35C2BD0FE5200619967 /* SceneDelegate.swift */ = {isa = PBXFileReference; lastKnownFileType = sourcecode.swift; path = SceneDelegate.swift; sourceTree = "<group>"; };
		6CB8E35E2BD0FE5200619967 /* LoginViewController.swift */ = {isa = PBXFileReference; lastKnownFileType = sourcecode.swift; path = LoginViewController.swift; sourceTree = "<group>"; };
		6CB8E3612BD0FE5200619967 /* Base */ = {isa = PBXFileReference; lastKnownFileType = file.storyboard; name = Base; path = Base.lproj/Main.storyboard; sourceTree = "<group>"; };
		6CB8E3632BD0FE5300619967 /* Assets.xcassets */ = {isa = PBXFileReference; lastKnownFileType = folder.assetcatalog; path = Assets.xcassets; sourceTree = "<group>"; };
		6CB8E3662BD0FE5300619967 /* Base */ = {isa = PBXFileReference; lastKnownFileType = file.storyboard; name = Base; path = Base.lproj/LaunchScreen.storyboard; sourceTree = "<group>"; };
		6CB8E3682BD0FE5300619967 /* Info.plist */ = {isa = PBXFileReference; lastKnownFileType = text.plist.xml; path = Info.plist; sourceTree = "<group>"; };
		6CBBEFA52BD2797600FB96EA /* GoogleService-Info.plist */ = {isa = PBXFileReference; fileEncoding = 4; lastKnownFileType = text.plist.xml; path = "GoogleService-Info.plist"; sourceTree = "<group>"; };
		6CBDC0A72BE0DD5A007C7E3C /* DelegateTableViewCell.swift */ = {isa = PBXFileReference; lastKnownFileType = sourcecode.swift; path = DelegateTableViewCell.swift; sourceTree = "<group>"; };
		6CC8863B2BDF9E980065A9CF /* ChatViewController.swift */ = {isa = PBXFileReference; lastKnownFileType = sourcecode.swift; path = ChatViewController.swift; sourceTree = "<group>"; };
		6CC8863D2BDFA2BD0065A9CF /* Notas.rtf */ = {isa = PBXFileReference; lastKnownFileType = text.rtf; path = Notas.rtf; sourceTree = "<group>"; };
		76C52928F74D40A381930621 /* Pods-LoginIOS.debug.xcconfig */ = {isa = PBXFileReference; includeInIndex = 1; lastKnownFileType = text.xcconfig; name = "Pods-LoginIOS.debug.xcconfig"; path = "Target Support Files/Pods-LoginIOS/Pods-LoginIOS.debug.xcconfig"; sourceTree = "<group>"; };
		8198A94ED8E4D2C5E041E7B5 /* Pods_LoginIOS.framework */ = {isa = PBXFileReference; explicitFileType = wrapper.framework; includeInIndex = 0; path = Pods_LoginIOS.framework; sourceTree = BUILT_PRODUCTS_DIR; };
		93A04BA64A41EE9C211DE79C /* Pods-LoginIOS.release.xcconfig */ = {isa = PBXFileReference; includeInIndex = 1; lastKnownFileType = text.xcconfig; name = "Pods-LoginIOS.release.xcconfig"; path = "Target Support Files/Pods-LoginIOS/Pods-LoginIOS.release.xcconfig"; sourceTree = "<group>"; };
/* End PBXFileReference section */

/* Begin PBXFrameworksBuildPhase section */
		6CB8E3542BD0FE5200619967 /* Frameworks */ = {
			isa = PBXFrameworksBuildPhase;
			buildActionMask = 2147483647;
			files = (
				1CF90B95F089B3A3B22322EE /* Pods_LoginIOS.framework in Frameworks */,
			);
			runOnlyForDeploymentPostprocessing = 0;
		};
/* End PBXFrameworksBuildPhase section */

/* Begin PBXGroup section */
		5D17A9B4C2C8B1EF309F9820 /* Pods */ = {
			isa = PBXGroup;
			children = (
				76C52928F74D40A381930621 /* Pods-LoginIOS.debug.xcconfig */,
				93A04BA64A41EE9C211DE79C /* Pods-LoginIOS.release.xcconfig */,
			);
			path = Pods;
			sourceTree = "<group>";
		};
		6CACE11C2BD7B8CD00538EAD /* Data */ = {
			isa = PBXGroup;
			children = (
				6CACE11D2BD7BB7E00538EAD /* DataFireStore.swift */,
				6CACD3342BDA62A400BC65D8 /* LoadImageDelegate.swift */,
				6CC8863D2BDFA2BD0065A9CF /* Notas.rtf */,
			);
			path = Data;
			sourceTree = "<group>";
		};
		6CB8E34E2BD0FE5200619967 = {
			isa = PBXGroup;
			children = (
				6CBBEFA52BD2797600FB96EA /* GoogleService-Info.plist */,
				6CB8E3592BD0FE5200619967 /* LoginIOS */,
				6CB8E3582BD0FE5200619967 /* Products */,
				5D17A9B4C2C8B1EF309F9820 /* Pods */,
				A83A65F1967BF0A131437B30 /* Frameworks */,
			);
			sourceTree = "<group>";
		};
		6CB8E3582BD0FE5200619967 /* Products */ = {
			isa = PBXGroup;
			children = (
				6CB8E3572BD0FE5200619967 /* LoginIOS.app */,
			);
			name = Products;
			sourceTree = "<group>";
		};
		6CB8E3592BD0FE5200619967 /* LoginIOS */ = {
			isa = PBXGroup;
			children = (
				6CACE11C2BD7B8CD00538EAD /* Data */,
				6CB8E35A2BD0FE5200619967 /* AppDelegate.swift */,
				6CB8E35C2BD0FE5200619967 /* SceneDelegate.swift */,
				6CACE11A2BD79AF100538EAD /* HomeViewController.swift */,
				6CB8E35E2BD0FE5200619967 /* LoginViewController.swift */,
				6C33F3302BD1281600860F03 /* RegisterViewContoller.swift */,
				6CC8863B2BDF9E980065A9CF /* ChatViewController.swift */,
				6CB8E3602BD0FE5200619967 /* Main.storyboard */,
				6CB8E3632BD0FE5300619967 /* Assets.xcassets */,
				6CB8E3652BD0FE5300619967 /* LaunchScreen.storyboard */,
				6CB8E3682BD0FE5300619967 /* Info.plist */,
				6CBDC0A72BE0DD5A007C7E3C /* DelegateTableViewCell.swift */,
			);
			path = LoginIOS;
			sourceTree = "<group>";
		};
		A83A65F1967BF0A131437B30 /* Frameworks */ = {
			isa = PBXGroup;
			children = (
				8198A94ED8E4D2C5E041E7B5 /* Pods_LoginIOS.framework */,
			);
			name = Frameworks;
			sourceTree = "<group>";
		};
/* End PBXGroup section */

/* Begin PBXNativeTarget section */
		6CB8E3562BD0FE5200619967 /* LoginIOS */ = {
			isa = PBXNativeTarget;
			buildConfigurationList = 6CB8E36B2BD0FE5300619967 /* Build configuration list for PBXNativeTarget "LoginIOS" */;
			buildPhases = (
				80A231E846304FBC2A8287E2 /* [CP] Check Pods Manifest.lock */,
				6CB8E3532BD0FE5200619967 /* Sources */,
				6CB8E3542BD0FE5200619967 /* Frameworks */,
				6CB8E3552BD0FE5200619967 /* Resources */,
				5601B0123E0A4998DE8C3667 /* [CP] Embed Pods Frameworks */,
			);
			buildRules = (
			);
			dependencies = (
			);
			name = LoginIOS;
			productName = LoginIOS;
			productReference = 6CB8E3572BD0FE5200619967 /* LoginIOS.app */;
			productType = "com.apple.product-type.application";
		};
/* End PBXNativeTarget section */

/* Begin PBXProject section */
		6CB8E34F2BD0FE5200619967 /* Project object */ = {
			isa = PBXProject;
			attributes = {
				BuildIndependentTargetsInParallel = 1;
				LastSwiftUpdateCheck = 1530;
				LastUpgradeCheck = 1530;
				TargetAttributes = {
					6CB8E3562BD0FE5200619967 = {
						CreatedOnToolsVersion = 15.3;
					};
				};
			};
			buildConfigurationList = 6CB8E3522BD0FE5200619967 /* Build configuration list for PBXProject "LoginIOS" */;
			compatibilityVersion = "Xcode 14.0";
			developmentRegion = en;
			hasScannedForEncodings = 0;
			knownRegions = (
				en,
				Base,
			);
			mainGroup = 6CB8E34E2BD0FE5200619967;
			productRefGroup = 6CB8E3582BD0FE5200619967 /* Products */;
			projectDirPath = "";
			projectRoot = "";
			targets = (
				6CB8E3562BD0FE5200619967 /* LoginIOS */,
			);
		};
/* End PBXProject section */

/* Begin PBXResourcesBuildPhase section */
		6CB8E3552BD0FE5200619967 /* Resources */ = {
			isa = PBXResourcesBuildPhase;
			buildActionMask = 2147483647;
			files = (
				6CB8E3642BD0FE5300619967 /* Assets.xcassets in Resources */,
				6CBBEFA62BD2797700FB96EA /* GoogleService-Info.plist in Resources */,
				6CB8E3672BD0FE5300619967 /* Base in Resources */,
				6CB8E3622BD0FE5200619967 /* Base in Resources */,
				6CC8863E2BDFA2BD0065A9CF /* Notas.rtf in Resources */,
			);
			runOnlyForDeploymentPostprocessing = 0;
		};
/* End PBXResourcesBuildPhase section */

/* Begin PBXShellScriptBuildPhase section */
		5601B0123E0A4998DE8C3667 /* [CP] Embed Pods Frameworks */ = {
			isa = PBXShellScriptBuildPhase;
			buildActionMask = 2147483647;
			files = (
			);
			inputFileListPaths = (
				"${PODS_ROOT}/Target Support Files/Pods-LoginIOS/Pods-LoginIOS-frameworks-${CONFIGURATION}-input-files.xcfilelist",
			);
			name = "[CP] Embed Pods Frameworks";
			outputFileListPaths = (
				"${PODS_ROOT}/Target Support Files/Pods-LoginIOS/Pods-LoginIOS-frameworks-${CONFIGURATION}-output-files.xcfilelist",
			);
			runOnlyForDeploymentPostprocessing = 0;
			shellPath = /bin/sh;
			shellScript = "\"${PODS_ROOT}/Target Support Files/Pods-LoginIOS/Pods-LoginIOS-frameworks.sh\"\n";
			showEnvVarsInLog = 0;
		};
		80A231E846304FBC2A8287E2 /* [CP] Check Pods Manifest.lock */ = {
			isa = PBXShellScriptBuildPhase;
			buildActionMask = 2147483647;
			files = (
			);
			inputFileListPaths = (
			);
			inputPaths = (
				"${PODS_PODFILE_DIR_PATH}/Podfile.lock",
				"${PODS_ROOT}/Manifest.lock",
			);
			name = "[CP] Check Pods Manifest.lock";
			outputFileListPaths = (
			);
			outputPaths = (
				"$(DERIVED_FILE_DIR)/Pods-LoginIOS-checkManifestLockResult.txt",
			);
			runOnlyForDeploymentPostprocessing = 0;
			shellPath = /bin/sh;
			shellScript = "diff \"${PODS_PODFILE_DIR_PATH}/Podfile.lock\" \"${PODS_ROOT}/Manifest.lock\" > /dev/null\nif [ $? != 0 ] ; then\n    # print error to STDERR\n    echo \"error: The sandbox is not in sync with the Podfile.lock. Run 'pod install' or update your CocoaPods installation.\" >&2\n    exit 1\nfi\n# This output is used by Xcode 'outputs' to avoid re-running this script phase.\necho \"SUCCESS\" > \"${SCRIPT_OUTPUT_FILE_0}\"\n";
			showEnvVarsInLog = 0;
		};
/* End PBXShellScriptBuildPhase section */

/* Begin PBXSourcesBuildPhase section */
		6CB8E3532BD0FE5200619967 /* Sources */ = {
			isa = PBXSourcesBuildPhase;
			buildActionMask = 2147483647;
			files = (
				6CACE11B2BD79AF100538EAD /* HomeViewController.swift in Sources */,
				6CB8E35F2BD0FE5200619967 /* LoginViewController.swift in Sources */,
				6CC8863C2BDF9E980065A9CF /* ChatViewController.swift in Sources */,
				6CB8E35B2BD0FE5200619967 /* AppDelegate.swift in Sources */,
				6CACD3352BDA62A400BC65D8 /* LoadImageDelegate.swift in Sources */,
				6CACE11E2BD7BB7E00538EAD /* DataFireStore.swift in Sources */,
				6CB8E35D2BD0FE5200619967 /* SceneDelegate.swift in Sources */,
				6CBDC0A82BE0DD5A007C7E3C /* DelegateTableViewCell.swift in Sources */,
				6C33F3312BD1281600860F03 /* RegisterViewContoller.swift in Sources */,
			);
			runOnlyForDeploymentPostprocessing = 0;
		};
/* End PBXSourcesBuildPhase section */

/* Begin PBXVariantGroup section */
		6CB8E3602BD0FE5200619967 /* Main.storyboard */ = {
			isa = PBXVariantGroup;
			children = (
				6CB8E3612BD0FE5200619967 /* Base */,
			);
			name = Main.storyboard;
			sourceTree = "<group>";
		};
		6CB8E3652BD0FE5300619967 /* LaunchScreen.storyboard */ = {
			isa = PBXVariantGroup;
			children = (
				6CB8E3662BD0FE5300619967 /* Base */,
			);
			name = LaunchScreen.storyboard;
			sourceTree = "<group>";
		};
/* End PBXVariantGroup section */

/* Begin XCBuildConfiguration section */
		6CB8E3692BD0FE5300619967 /* Debug */ = {
			isa = XCBuildConfiguration;
			buildSettings = {
				ALWAYS_SEARCH_USER_PATHS = NO;
				ASSETCATALOG_COMPILER_GENERATE_SWIFT_ASSET_SYMBOL_EXTENSIONS = YES;
				CLANG_ANALYZER_NONNULL = YES;
				CLANG_ANALYZER_NUMBER_OBJECT_CONVERSION = YES_AGGRESSIVE;
				CLANG_CXX_LANGUAGE_STANDARD = "gnu++20";
				CLANG_ENABLE_MODULES = YES;
				CLANG_ENABLE_OBJC_ARC = YES;
				CLANG_ENABLE_OBJC_WEAK = YES;
				CLANG_WARN_BLOCK_CAPTURE_AUTORELEASING = YES;
				CLANG_WARN_BOOL_CONVERSION = YES;
				CLANG_WARN_COMMA = YES;
				CLANG_WARN_CONSTANT_CONVERSION = YES;
				CLANG_WARN_DEPRECATED_OBJC_IMPLEMENTATIONS = YES;
				CLANG_WARN_DIRECT_OBJC_ISA_USAGE = YES_ERROR;
				CLANG_WARN_DOCUMENTATION_COMMENTS = YES;
				CLANG_WARN_EMPTY_BODY = YES;
				CLANG_WARN_ENUM_CONVERSION = YES;
				CLANG_WARN_INFINITE_RECURSION = YES;
				CLANG_WARN_INT_CONVERSION = YES;
				CLANG_WARN_NON_LITERAL_NULL_CONVERSION = YES;
				CLANG_WARN_OBJC_IMPLICIT_RETAIN_SELF = YES;
				CLANG_WARN_OBJC_LITERAL_CONVERSION = YES;
				CLANG_WARN_OBJC_ROOT_CLASS = YES_ERROR;
				CLANG_WARN_QUOTED_INCLUDE_IN_FRAMEWORK_HEADER = YES;
				CLANG_WARN_RANGE_LOOP_ANALYSIS = YES;
				CLANG_WARN_STRICT_PROTOTYPES = YES;
				CLANG_WARN_SUSPICIOUS_MOVE = YES;
				CLANG_WARN_UNGUARDED_AVAILABILITY = YES_AGGRESSIVE;
				CLANG_WARN_UNREACHABLE_CODE = YES;
				CLANG_WARN__DUPLICATE_METHOD_MATCH = YES;
				COPY_PHASE_STRIP = NO;
				DEBUG_INFORMATION_FORMAT = dwarf;
				ENABLE_STRICT_OBJC_MSGSEND = YES;
				ENABLE_TESTABILITY = YES;
				ENABLE_USER_SCRIPT_SANDBOXING = NO;
				GCC_C_LANGUAGE_STANDARD = gnu17;
				GCC_DYNAMIC_NO_PIC = NO;
				GCC_NO_COMMON_BLOCKS = YES;
				GCC_OPTIMIZATION_LEVEL = 0;
				GCC_PREPROCESSOR_DEFINITIONS = (
					"DEBUG=1",
					"$(inherited)",
				);
				GCC_WARN_64_TO_32_BIT_CONVERSION = YES;
				GCC_WARN_ABOUT_RETURN_TYPE = YES_ERROR;
				GCC_WARN_UNDECLARED_SELECTOR = YES;
				GCC_WARN_UNINITIALIZED_AUTOS = YES_AGGRESSIVE;
				GCC_WARN_UNUSED_FUNCTION = YES;
				GCC_WARN_UNUSED_VARIABLE = YES;
				IPHONEOS_DEPLOYMENT_TARGET = 17.4;
				LOCALIZATION_PREFERS_STRING_CATALOGS = YES;
				MTL_ENABLE_DEBUG_INFO = INCLUDE_SOURCE;
				MTL_FAST_MATH = YES;
				ONLY_ACTIVE_ARCH = YES;
				SDKROOT = iphoneos;
				SWIFT_ACTIVE_COMPILATION_CONDITIONS = "DEBUG $(inherited)";
				SWIFT_OPTIMIZATION_LEVEL = "-Onone";
			};
			name = Debug;
		};
		6CB8E36A2BD0FE5300619967 /* Release */ = {
			isa = XCBuildConfiguration;
			buildSettings = {
				ALWAYS_SEARCH_USER_PATHS = NO;
				ASSETCATALOG_COMPILER_GENERATE_SWIFT_ASSET_SYMBOL_EXTENSIONS = YES;
				CLANG_ANALYZER_NONNULL = YES;
				CLANG_ANALYZER_NUMBER_OBJECT_CONVERSION = YES_AGGRESSIVE;
				CLANG_CXX_LANGUAGE_STANDARD = "gnu++20";
				CLANG_ENABLE_MODULES = YES;
				CLANG_ENABLE_OBJC_ARC = YES;
				CLANG_ENABLE_OBJC_WEAK = YES;
				CLANG_WARN_BLOCK_CAPTURE_AUTORELEASING = YES;
				CLANG_WARN_BOOL_CONVERSION = YES;
				CLANG_WARN_COMMA = YES;
				CLANG_WARN_CONSTANT_CONVERSION = YES;
				CLANG_WARN_DEPRECATED_OBJC_IMPLEMENTATIONS = YES;
				CLANG_WARN_DIRECT_OBJC_ISA_USAGE = YES_ERROR;
				CLANG_WARN_DOCUMENTATION_COMMENTS = YES;
				CLANG_WARN_EMPTY_BODY = YES;
				CLANG_WARN_ENUM_CONVERSION = YES;
				CLANG_WARN_INFINITE_RECURSION = YES;
				CLANG_WARN_INT_CONVERSION = YES;
				CLANG_WARN_NON_LITERAL_NULL_CONVERSION = YES;
				CLANG_WARN_OBJC_IMPLICIT_RETAIN_SELF = YES;
				CLANG_WARN_OBJC_LITERAL_CONVERSION = YES;
				CLANG_WARN_OBJC_ROOT_CLASS = YES_ERROR;
				CLANG_WARN_QUOTED_INCLUDE_IN_FRAMEWORK_HEADER = YES;
				CLANG_WARN_RANGE_LOOP_ANALYSIS = YES;
				CLANG_WARN_STRICT_PROTOTYPES = YES;
				CLANG_WARN_SUSPICIOUS_MOVE = YES;
				CLANG_WARN_UNGUARDED_AVAILABILITY = YES_AGGRESSIVE;
				CLANG_WARN_UNREACHABLE_CODE = YES;
				CLANG_WARN__DUPLICATE_METHOD_MATCH = YES;
				COPY_PHASE_STRIP = NO;
				DEBUG_INFORMATION_FORMAT = "dwarf-with-dsym";
				ENABLE_NS_ASSERTIONS = NO;
				ENABLE_STRICT_OBJC_MSGSEND = YES;
				ENABLE_USER_SCRIPT_SANDBOXING = NO;
				GCC_C_LANGUAGE_STANDARD = gnu17;
				GCC_NO_COMMON_BLOCKS = YES;
				GCC_WARN_64_TO_32_BIT_CONVERSION = YES;
				GCC_WARN_ABOUT_RETURN_TYPE = YES_ERROR;
				GCC_WARN_UNDECLARED_SELECTOR = YES;
				GCC_WARN_UNINITIALIZED_AUTOS = YES_AGGRESSIVE;
				GCC_WARN_UNUSED_FUNCTION = YES;
				GCC_WARN_UNUSED_VARIABLE = YES;
				IPHONEOS_DEPLOYMENT_TARGET = 17.4;
				LOCALIZATION_PREFERS_STRING_CATALOGS = YES;
				MTL_ENABLE_DEBUG_INFO = NO;
				MTL_FAST_MATH = YES;
				SDKROOT = iphoneos;
				SWIFT_COMPILATION_MODE = wholemodule;
				VALIDATE_PRODUCT = YES;
			};
			name = Release;
		};
		6CB8E36C2BD0FE5300619967 /* Debug */ = {
			isa = XCBuildConfiguration;
			baseConfigurationReference = 76C52928F74D40A381930621 /* Pods-LoginIOS.debug.xcconfig */;
			buildSettings = {
				ASSETCATALOG_COMPILER_APPICON_NAME = AppIcon;
				ASSETCATALOG_COMPILER_GLOBAL_ACCENT_COLOR_NAME = AccentColor;
				CODE_SIGN_STYLE = Automatic;
				CURRENT_PROJECT_VERSION = 1;
				GENERATE_INFOPLIST_FILE = YES;
				INFOPLIST_FILE = LoginIOS/Info.plist;
				INFOPLIST_KEY_UIApplicationSupportsIndirectInputEvents = YES;
				INFOPLIST_KEY_UILaunchStoryboardName = LaunchScreen;
				INFOPLIST_KEY_UIMainStoryboardFile = Main;
				INFOPLIST_KEY_UISupportedInterfaceOrientations_iPad = "UIInterfaceOrientationPortrait UIInterfaceOrientationPortraitUpsideDown UIInterfaceOrientationLandscapeLeft UIInterfaceOrientationLandscapeRight";
				INFOPLIST_KEY_UISupportedInterfaceOrientations_iPhone = "UIInterfaceOrientationPortrait UIInterfaceOrientationLandscapeLeft UIInterfaceOrientationLandscapeRight";
				LD_RUNPATH_SEARCH_PATHS = (
					"$(inherited)",
					"@executable_path/Frameworks",
				);
				MARKETING_VERSION = 1.0;
				PRODUCT_BUNDLE_IDENTIFIER = com.jep.LoginIOS;
				PRODUCT_NAME = "$(TARGET_NAME)";
				SWIFT_EMIT_LOC_STRINGS = YES;
				SWIFT_VERSION = 5.0;
				TARGETED_DEVICE_FAMILY = "1,2";
			};
			name = Debug;
		};
		6CB8E36D2BD0FE5300619967 /* Release */ = {
			isa = XCBuildConfiguration;
			baseConfigurationReference = 93A04BA64A41EE9C211DE79C /* Pods-LoginIOS.release.xcconfig */;
			buildSettings = {
				ASSETCATALOG_COMPILER_APPICON_NAME = AppIcon;
				ASSETCATALOG_COMPILER_GLOBAL_ACCENT_COLOR_NAME = AccentColor;
				CODE_SIGN_STYLE = Automatic;
				CURRENT_PROJECT_VERSION = 1;
				GENERATE_INFOPLIST_FILE = YES;
				INFOPLIST_FILE = LoginIOS/Info.plist;
				INFOPLIST_KEY_UIApplicationSupportsIndirectInputEvents = YES;
				INFOPLIST_KEY_UILaunchStoryboardName = LaunchScreen;
				INFOPLIST_KEY_UIMainStoryboardFile = Main;
				INFOPLIST_KEY_UISupportedInterfaceOrientations_iPad = "UIInterfaceOrientationPortrait UIInterfaceOrientationPortraitUpsideDown UIInterfaceOrientationLandscapeLeft UIInterfaceOrientationLandscapeRight";
				INFOPLIST_KEY_UISupportedInterfaceOrientations_iPhone = "UIInterfaceOrientationPortrait UIInterfaceOrientationLandscapeLeft UIInterfaceOrientationLandscapeRight";
				LD_RUNPATH_SEARCH_PATHS = (
					"$(inherited)",
					"@executable_path/Frameworks",
				);
				MARKETING_VERSION = 1.0;
				PRODUCT_BUNDLE_IDENTIFIER = com.jep.LoginIOS;
				PRODUCT_NAME = "$(TARGET_NAME)";
				SWIFT_EMIT_LOC_STRINGS = YES;
				SWIFT_VERSION = 5.0;
				TARGETED_DEVICE_FAMILY = "1,2";
			};
			name = Release;
		};
/* End XCBuildConfiguration section */

/* Begin XCConfigurationList section */
		6CB8E3522BD0FE5200619967 /* Build configuration list for PBXProject "LoginIOS" */ = {
			isa = XCConfigurationList;
			buildConfigurations = (
				6CB8E3692BD0FE5300619967 /* Debug */,
				6CB8E36A2BD0FE5300619967 /* Release */,
			);
			defaultConfigurationIsVisible = 0;
			defaultConfigurationName = Release;
		};
		6CB8E36B2BD0FE5300619967 /* Build configuration list for PBXNativeTarget "LoginIOS" */ = {
			isa = XCConfigurationList;
			buildConfigurations = (
				6CB8E36C2BD0FE5300619967 /* Debug */,
				6CB8E36D2BD0FE5300619967 /* Release */,
			);
			defaultConfigurationIsVisible = 0;
			defaultConfigurationName = Release;
		};
/* End XCConfigurationList section */
	};
	rootObject = 6CB8E34F2BD0FE5200619967 /* Project object */;
}
